
Microsoft Visual Studio Solution File, Format Version 12.00
# Visual Studio Version 16
VisualStudioVersion = 16.0.31205.134
MinimumVisualStudioVersion = 10.0.40219.1
Project("{9A19103F-16F7-4668-BE54-9A1E7A4F7556}") = "QU-test-01", "QU-test-01.csproj", "{F4D3FF97-344E-4CB1-9064-831465878667}"
EndProject
Project("{FAE04EC0-301F-11D3-BF4B-00C04F79EFBC}") = "QU-Utest", "..\QU-Utest\QU-Utest.csproj", "{48E35214-43F3-4C66-8108-978725D6D303}"
EndProject
Global
	GlobalSection(SolutionConfigurationPlatforms) = preSolution
		Debug|Any CPU = Debug|Any CPU
		Release|Any CPU = Release|Any CPU
	EndGlobalSection
	GlobalSection(ProjectConfigurationPlatforms) = postSolution
		{F4D3FF97-344E-4CB1-9064-831465878667}.Debug|Any CPU.ActiveCfg = Debug|Any CPU
		{F4D3FF97-344E-4CB1-9064-831465878667}.Debug|Any CPU.Build.0 = Debug|Any CPU
		{F4D3FF97-344E-4CB1-9064-831465878667}.Release|Any CPU.ActiveCfg = Release|Any CPU
		{F4D3FF97-344E-4CB1-9064-831465878667}.Release|Any CPU.Build.0 = Release|Any CPU
		{48E35214-43F3-4C66-8108-978725D6D303}.Debug|Any CPU.ActiveCfg = Debug|Any CPU
		{48E35214-43F3-4C66-8108-978725D6D303}.Debug|Any CPU.Build.0 = Debug|Any CPU
		{48E35214-43F3-4C66-8108-978725D6D303}.Release|Any CPU.ActiveCfg = Release|Any CPU
		{48E35214-43F3-4C66-8108-978725D6D303}.Release|Any CPU.Build.0 = Release|Any CPU
	EndGlobalSection
	GlobalSection(SolutionProperties) = preSolution
		HideSolutionNode = FALSE
	EndGlobalSection
	GlobalSection(ExtensibilityGlobals) = postSolution
		SolutionGuid = {0683CF88-8385-4E0C-9F23-511BA51204E1}
	EndGlobalSection
EndGlobal
